// !$*UTF8*$!
{
	archiveVersion = 1;
	classes = {
	};
	objectVersion = 56;
	objects = {

/* Begin PBXBuildFile section */
		7FAA69C22AB37DB3003ACB71 /* Alamofire.xcframework in Frameworks */ = {isa = PBXBuildFile; fileRef = 7FAA69C12AB37DB3003ACB71 /* Alamofire.xcframework */; };
		7FAA69C62AB37F83003ACB71 /* DataEntryModel.swift in Sources */ = {isa = PBXBuildFile; fileRef = 7FAA69C52AB37F83003ACB71 /* DataEntryModel.swift */; };
		7FAA69C82AB38068003ACB71 /* chartDataEntry.json in Resources */ = {isa = PBXBuildFile; fileRef = 7FAA69C72AB38068003ACB71 /* chartDataEntry.json */; };
		7FAA69CB2AB38BBC003ACB71 /* TinyConstraints in Frameworks */ = {isa = PBXBuildFile; productRef = 7FAA69CA2AB38BBC003ACB71 /* TinyConstraints */; };
		7FB02BBC2AB351EF00DA81B9 /* AppDelegate.swift in Sources */ = {isa = PBXBuildFile; fileRef = 7FB02BBB2AB351EF00DA81B9 /* AppDelegate.swift */; };
		7FB02BBE2AB351EF00DA81B9 /* SceneDelegate.swift in Sources */ = {isa = PBXBuildFile; fileRef = 7FB02BBD2AB351EF00DA81B9 /* SceneDelegate.swift */; };
		7FB02BC02AB351EF00DA81B9 /* ViewController.swift in Sources */ = {isa = PBXBuildFile; fileRef = 7FB02BBF2AB351EF00DA81B9 /* ViewController.swift */; };
		7FB02BC32AB351EF00DA81B9 /* Main.storyboard in Resources */ = {isa = PBXBuildFile; fileRef = 7FB02BC12AB351EF00DA81B9 /* Main.storyboard */; };
		7FB02BC52AB351F000DA81B9 /* Assets.xcassets in Resources */ = {isa = PBXBuildFile; fileRef = 7FB02BC42AB351F000DA81B9 /* Assets.xcassets */; };
		7FB02BC82AB351F000DA81B9 /* LaunchScreen.storyboard in Resources */ = {isa = PBXBuildFile; fileRef = 7FB02BC62AB351F000DA81B9 /* LaunchScreen.storyboard */; };
		C9051B337DB541621AE9B530 /* Pods_GerenciadorDependencias.framework in Frameworks */ = {isa = PBXBuildFile; fileRef = 5456D1A0A0B41FEA53D75486 /* Pods_GerenciadorDependencias.framework */; };
/* End PBXBuildFile section */

/* Begin PBXFileReference section */
		3098AEC4B8E4E0C32BE4E2A6 /* Pods-GerenciadorDependencias.release.xcconfig */ = {isa = PBXFileReference; includeInIndex = 1; lastKnownFileType = text.xcconfig; name = "Pods-GerenciadorDependencias.release.xcconfig"; path = "Target Support Files/Pods-GerenciadorDependencias/Pods-GerenciadorDependencias.release.xcconfig"; sourceTree = "<group>"; };
		45F332EE20AE5A1D720CBA3C /* Pods-GerenciadorDependencias.debug.xcconfig */ = {isa = PBXFileReference; includeInIndex = 1; lastKnownFileType = text.xcconfig; name = "Pods-GerenciadorDependencias.debug.xcconfig"; path = "Target Support Files/Pods-GerenciadorDependencias/Pods-GerenciadorDependencias.debug.xcconfig"; sourceTree = "<group>"; };
		5456D1A0A0B41FEA53D75486 /* Pods_GerenciadorDependencias.framework */ = {isa = PBXFileReference; explicitFileType = wrapper.framework; includeInIndex = 0; path = Pods_GerenciadorDependencias.framework; sourceTree = BUILT_PRODUCTS_DIR; };
		7FAA69C12AB37DB3003ACB71 /* Alamofire.xcframework */ = {isa = PBXFileReference; lastKnownFileType = wrapper.xcframework; name = Alamofire.xcframework; path = Carthage/Build/Alamofire.xcframework; sourceTree = "<group>"; };
		7FAA69C52AB37F83003ACB71 /* DataEntryModel.swift */ = {isa = PBXFileReference; lastKnownFileType = sourcecode.swift; path = DataEntryModel.swift; sourceTree = "<group>"; };
		7FAA69C72AB38068003ACB71 /* chartDataEntry.json */ = {isa = PBXFileReference; lastKnownFileType = text.json; path = chartDataEntry.json; sourceTree = "<group>"; };
		7FB02BB82AB351EF00DA81B9 /* GerenciadorDependencias.app */ = {isa = PBXFileReference; explicitFileType = wrapper.application; includeInIndex = 0; path = GerenciadorDependencias.app; sourceTree = BUILT_PRODUCTS_DIR; };
		7FB02BBB2AB351EF00DA81B9 /* AppDelegate.swift */ = {isa = PBXFileReference; lastKnownFileType = sourcecode.swift; path = AppDelegate.swift; sourceTree = "<group>"; };
		7FB02BBD2AB351EF00DA81B9 /* SceneDelegate.swift */ = {isa = PBXFileReference; lastKnownFileType = sourcecode.swift; path = SceneDelegate.swift; sourceTree = "<group>"; };
		7FB02BBF2AB351EF00DA81B9 /* ViewController.swift */ = {isa = PBXFileReference; lastKnownFileType = sourcecode.swift; path = ViewController.swift; sourceTree = "<group>"; };
		7FB02BC22AB351EF00DA81B9 /* Base */ = {isa = PBXFileReference; lastKnownFileType = file.storyboard; name = Base; path = Base.lproj/Main.storyboard; sourceTree = "<group>"; };
		7FB02BC42AB351F000DA81B9 /* Assets.xcassets */ = {isa = PBXFileReference; lastKnownFileType = folder.assetcatalog; path = Assets.xcassets; sourceTree = "<group>"; };
		7FB02BC72AB351F000DA81B9 /* Base */ = {isa = PBXFileReference; lastKnownFileType = file.storyboard; name = Base; path = Base.lproj/LaunchScreen.storyboard; sourceTree = "<group>"; };
		7FB02BC92AB351F000DA81B9 /* Info.plist */ = {isa = PBXFileReference; lastKnownFileType = text.plist.xml; path = Info.plist; sourceTree = "<group>"; };
/* End PBXFileReference section */

/* Begin PBXFrameworksBuildPhase section */
		7FB02BB52AB351EF00DA81B9 /* Frameworks */ = {
			isa = PBXFrameworksBuildPhase;
			buildActionMask = 2147483647;
			files = (
				7FAA69C22AB37DB3003ACB71 /* Alamofire.xcframework in Frameworks */,
				C9051B337DB541621AE9B530 /* Pods_GerenciadorDependencias.framework in Frameworks */,
				7FAA69CB2AB38BBC003ACB71 /* TinyConstraints in Frameworks */,
			);
			runOnlyForDeploymentPostprocessing = 0;
		};
/* End PBXFrameworksBuildPhase section */

/* Begin PBXGroup section */
		1F6D3EE0D2D424F7FE422C44 /* Pods */ = {
			isa = PBXGroup;
			children = (
				45F332EE20AE5A1D720CBA3C /* Pods-GerenciadorDependencias.debug.xcconfig */,
				3098AEC4B8E4E0C32BE4E2A6 /* Pods-GerenciadorDependencias.release.xcconfig */,
			);
			path = Pods;
			sourceTree = "<group>";
		};
		7FB02BAF2AB351EF00DA81B9 = {
			isa = PBXGroup;
			children = (
				7FB02BBA2AB351EF00DA81B9 /* GerenciadorDependencias */,
				7FB02BB92AB351EF00DA81B9 /* Products */,
				1F6D3EE0D2D424F7FE422C44 /* Pods */,
				D6132A650D3AD855D03E6BE8 /* Frameworks */,
			);
			sourceTree = "<group>";
		};
		7FB02BB92AB351EF00DA81B9 /* Products */ = {
			isa = PBXGroup;
			children = (
				7FB02BB82AB351EF00DA81B9 /* GerenciadorDependencias.app */,
			);
			name = Products;
			sourceTree = "<group>";
		};
		7FB02BBA2AB351EF00DA81B9 /* GerenciadorDependencias */ = {
			isa = PBXGroup;
			children = (
				7FB02BBB2AB351EF00DA81B9 /* AppDelegate.swift */,
				7FB02BBD2AB351EF00DA81B9 /* SceneDelegate.swift */,
				7FB02BBF2AB351EF00DA81B9 /* ViewController.swift */,
				7FAA69C52AB37F83003ACB71 /* DataEntryModel.swift */,
				7FAA69C72AB38068003ACB71 /* chartDataEntry.json */,
				7FB02BC12AB351EF00DA81B9 /* Main.storyboard */,
				7FB02BC42AB351F000DA81B9 /* Assets.xcassets */,
				7FB02BC62AB351F000DA81B9 /* LaunchScreen.storyboard */,
				7FB02BC92AB351F000DA81B9 /* Info.plist */,
			);
			path = GerenciadorDependencias;
			sourceTree = "<group>";
		};
		D6132A650D3AD855D03E6BE8 /* Frameworks */ = {
			isa = PBXGroup;
			children = (
				7FAA69C12AB37DB3003ACB71 /* Alamofire.xcframework */,
				5456D1A0A0B41FEA53D75486 /* Pods_GerenciadorDependencias.framework */,
			);
			name = Frameworks;
			sourceTree = "<group>";
		};
/* End PBXGroup section */

/* Begin PBXNativeTarget section */
		7FB02BB72AB351EF00DA81B9 /* GerenciadorDependencias */ = {
			isa = PBXNativeTarget;
			buildConfigurationList = 7FB02BCC2AB351F000DA81B9 /* Build configuration list for PBXNativeTarget "GerenciadorDependencias" */;
			buildPhases = (
				FC51C07AD6451947A2B6047E /* [CP] Check Pods Manifest.lock */,
				7FB02BB42AB351EF00DA81B9 /* Sources */,
				7FB02BB52AB351EF00DA81B9 /* Frameworks */,
				7FB02BB62AB351EF00DA81B9 /* Resources */,
				0823B41A2B3D2B992CBFB19E /* [CP] Embed Pods Frameworks */,
			);
			buildRules = (
			);
			dependencies = (
			);
			name = GerenciadorDependencias;
			packageProductDependencies = (
				7FAA69CA2AB38BBC003ACB71 /* TinyConstraints */,
			);
			productName = GerenciadorDependencias;
			productReference = 7FB02BB82AB351EF00DA81B9 /* GerenciadorDependencias.app */;
			productType = "com.apple.product-type.application";
		};
/* End PBXNativeTarget section */

/* Begin PBXProject section */
		7FB02BB02AB351EF00DA81B9 /* Project object */ = {
			isa = PBXProject;
			attributes = {
				BuildIndependentTargetsInParallel = 1;
				LastSwiftUpdateCheck = 1430;
				LastUpgradeCheck = 1430;
				TargetAttributes = {
					7FB02BB72AB351EF00DA81B9 = {
						CreatedOnToolsVersion = 14.3.1;
					};
				};
			};
			buildConfigurationList = 7FB02BB32AB351EF00DA81B9 /* Build configuration list for PBXProject "GerenciadorDependencias" */;
			compatibilityVersion = "Xcode 14.0";
			developmentRegion = en;
			hasScannedForEncodings = 0;
			knownRegions = (
				en,
				Base,
			);
			mainGroup = 7FB02BAF2AB351EF00DA81B9;
			packageReferences = (
				7FAA69C92AB38BBC003ACB71 /* XCRemoteSwiftPackageReference "TinyConstraints" */,
			);
			productRefGroup = 7FB02BB92AB351EF00DA81B9 /* Products */;
			projectDirPath = "";
			projectRoot = "";
			targets = (
				7FB02BB72AB351EF00DA81B9 /* GerenciadorDependencias */,
			);
		};
/* End PBXProject section */

/* Begin PBXResourcesBuildPhase section */
		7FB02BB62AB351EF00DA81B9 /* Resources */ = {
			isa = PBXResourcesBuildPhase;
			buildActionMask = 2147483647;
			files = (
				7FB02BC82AB351F000DA81B9 /* LaunchScreen.storyboard in Resources */,
				7FAA69C82AB38068003ACB71 /* chartDataEntry.json in Resources */,
				7FB02BC52AB351F000DA81B9 /* Assets.xcassets in Resources */,
				7FB02BC32AB351EF00DA81B9 /* Main.storyboard in Resources */,
			);
			runOnlyForDeploymentPostprocessing = 0;
		};
/* End PBXResourcesBuildPhase section */

/* Begin PBXShellScriptBuildPhase section */
		0823B41A2B3D2B992CBFB19E /* [CP] Embed Pods Frameworks */ = {
			isa = PBXShellScriptBuildPhase;
			buildActionMask = 2147483647;
			files = (
			);
			inputFileListPaths = (
				"${PODS_ROOT}/Target Support Files/Pods-GerenciadorDependencias/Pods-GerenciadorDependencias-frameworks-${CONFIGURATION}-input-files.xcfilelist",
			);
			name = "[CP] Embed Pods Frameworks";
			outputFileListPaths = (
				"${PODS_ROOT}/Target Support Files/Pods-GerenciadorDependencias/Pods-GerenciadorDependencias-frameworks-${CONFIGURATION}-output-files.xcfilelist",
			);
			runOnlyForDeploymentPostprocessing = 0;
			shellPath = /bin/sh;
			shellScript = "\"${PODS_ROOT}/Target Support Files/Pods-GerenciadorDependencias/Pods-GerenciadorDependencias-frameworks.sh\"\n";
			showEnvVarsInLog = 0;
		};
		FC51C07AD6451947A2B6047E /* [CP] Check Pods Manifest.lock */ = {
			isa = PBXShellScriptBuildPhase;
			buildActionMask = 2147483647;
			files = (
			);
			inputFileListPaths = (
			);
			inputPaths = (
				"${PODS_PODFILE_DIR_PATH}/Podfile.lock",
				"${PODS_ROOT}/Manifest.lock",
			);
			name = "[CP] Check Pods Manifest.lock";
			outputFileListPaths = (
			);
			outputPaths = (
				"$(DERIVED_FILE_DIR)/Pods-GerenciadorDependencias-checkManifestLockResult.txt",
			);
			runOnlyForDeploymentPostprocessing = 0;
			shellPath = /bin/sh;
			shellScript = "diff \"${PODS_PODFILE_DIR_PATH}/Podfile.lock\" \"${PODS_ROOT}/Manifest.lock\" > /dev/null\nif [ $? != 0 ] ; then\n    # print error to STDERR\n    echo \"error: The sandbox is not in sync with the Podfile.lock. Run 'pod install' or update your CocoaPods installation.\" >&2\n    exit 1\nfi\n# This output is used by Xcode 'outputs' to avoid re-running this script phase.\necho \"SUCCESS\" > \"${SCRIPT_OUTPUT_FILE_0}\"\n";
			showEnvVarsInLog = 0;
		};
/* End PBXShellScriptBuildPhase section */

/* Begin PBXSourcesBuildPhase section */
		7FB02BB42AB351EF00DA81B9 /* Sources */ = {
			isa = PBXSourcesBuildPhase;
			buildActionMask = 2147483647;
			files = (
				7FAA69C62AB37F83003ACB71 /* DataEntryModel.swift in Sources */,
				7FB02BC02AB351EF00DA81B9 /* ViewController.swift in Sources */,
				7FB02BBC2AB351EF00DA81B9 /* AppDelegate.swift in Sources */,
				7FB02BBE2AB351EF00DA81B9 /* SceneDelegate.swift in Sources */,
			);
			runOnlyForDeploymentPostprocessing = 0;
		};
/* End PBXSourcesBuildPhase section */

/* Begin PBXVariantGroup section */
		7FB02BC12AB351EF00DA81B9 /* Main.storyboard */ = {
			isa = PBXVariantGroup;
			children = (
				7FB02BC22AB351EF00DA81B9 /* Base */,
			);
			name = Main.storyboard;
			sourceTree = "<group>";
		};
		7FB02BC62AB351F000DA81B9 /* LaunchScreen.storyboard */ = {
			isa = PBXVariantGroup;
			children = (
				7FB02BC72AB351F000DA81B9 /* Base */,
			);
			name = LaunchScreen.storyboard;
			sourceTree = "<group>";
		};
/* End PBXVariantGroup section */

/* Begin XCBuildConfiguration section */
		7FB02BCA2AB351F000DA81B9 /* Debug */ = {
			isa = XCBuildConfiguration;
			buildSettings = {
				ALWAYS_SEARCH_USER_PATHS = NO;
				CLANG_ANALYZER_NONNULL = YES;
				CLANG_ANALYZER_NUMBER_OBJECT_CONVERSION = YES_AGGRESSIVE;
				CLANG_CXX_LANGUAGE_STANDARD = "gnu++20";
				CLANG_ENABLE_MODULES = YES;
				CLANG_ENABLE_OBJC_ARC = YES;
				CLANG_ENABLE_OBJC_WEAK = YES;
				CLANG_WARN_BLOCK_CAPTURE_AUTORELEASING = YES;
				CLANG_WARN_BOOL_CONVERSION = YES;
				CLANG_WARN_COMMA = YES;
				CLANG_WARN_CONSTANT_CONVERSION = YES;
				CLANG_WARN_DEPRECATED_OBJC_IMPLEMENTATIONS = YES;
				CLANG_WARN_DIRECT_OBJC_ISA_USAGE = YES_ERROR;
				CLANG_WARN_DOCUMENTATION_COMMENTS = YES;
				CLANG_WARN_EMPTY_BODY = YES;
				CLANG_WARN_ENUM_CONVERSION = YES;
				CLANG_WARN_INFINITE_RECURSION = YES;
				CLANG_WARN_INT_CONVERSION = YES;
				CLANG_WARN_NON_LITERAL_NULL_CONVERSION = YES;
				CLANG_WARN_OBJC_IMPLICIT_RETAIN_SELF = YES;
				CLANG_WARN_OBJC_LITERAL_CONVERSION = YES;
				CLANG_WARN_OBJC_ROOT_CLASS = YES_ERROR;
				CLANG_WARN_QUOTED_INCLUDE_IN_FRAMEWORK_HEADER = YES;
				CLANG_WARN_RANGE_LOOP_ANALYSIS = YES;
				CLANG_WARN_STRICT_PROTOTYPES = YES;
				CLANG_WARN_SUSPICIOUS_MOVE = YES;
				CLANG_WARN_UNGUARDED_AVAILABILITY = YES_AGGRESSIVE;
				CLANG_WARN_UNREACHABLE_CODE = YES;
				CLANG_WARN__DUPLICATE_METHOD_MATCH = YES;
				COPY_PHASE_STRIP = NO;
				DEBUG_INFORMATION_FORMAT = dwarf;
				ENABLE_STRICT_OBJC_MSGSEND = YES;
				ENABLE_TESTABILITY = YES;
				GCC_C_LANGUAGE_STANDARD = gnu11;
				GCC_DYNAMIC_NO_PIC = NO;
				GCC_NO_COMMON_BLOCKS = YES;
				GCC_OPTIMIZATION_LEVEL = 0;
				GCC_PREPROCESSOR_DEFINITIONS = (
					"DEBUG=1",
					"$(inherited)",
				);
				GCC_WARN_64_TO_32_BIT_CONVERSION = YES;
				GCC_WARN_ABOUT_RETURN_TYPE = YES_ERROR;
				GCC_WARN_UNDECLARED_SELECTOR = YES;
				GCC_WARN_UNINITIALIZED_AUTOS = YES_AGGRESSIVE;
				GCC_WARN_UNUSED_FUNCTION = YES;
				GCC_WARN_UNUSED_VARIABLE = YES;
				IPHONEOS_DEPLOYMENT_TARGET = 13.0;
				MTL_ENABLE_DEBUG_INFO = INCLUDE_SOURCE;
				MTL_FAST_MATH = YES;
				ONLY_ACTIVE_ARCH = YES;
				SDKROOT = iphoneos;
				SWIFT_ACTIVE_COMPILATION_CONDITIONS = DEBUG;
				SWIFT_OPTIMIZATION_LEVEL = "-Onone";
			};
			name = Debug;
		};
		7FB02BCB2AB351F000DA81B9 /* Release */ = {
			isa = XCBuildConfiguration;
			buildSettings = {
				ALWAYS_SEARCH_USER_PATHS = NO;
				CLANG_ANALYZER_NONNULL = YES;
				CLANG_ANALYZER_NUMBER_OBJECT_CONVERSION = YES_AGGRESSIVE;
				CLANG_CXX_LANGUAGE_STANDARD = "gnu++20";
				CLANG_ENABLE_MODULES = YES;
				CLANG_ENABLE_OBJC_ARC = YES;
				CLANG_ENABLE_OBJC_WEAK = YES;
				CLANG_WARN_BLOCK_CAPTURE_AUTORELEASING = YES;
				CLANG_WARN_BOOL_CONVERSION = YES;
				CLANG_WARN_COMMA = YES;
				CLANG_WARN_CONSTANT_CONVERSION = YES;
				CLANG_WARN_DEPRECATED_OBJC_IMPLEMENTATIONS = YES;
				CLANG_WARN_DIRECT_OBJC_ISA_USAGE = YES_ERROR;
				CLANG_WARN_DOCUMENTATION_COMMENTS = YES;
				CLANG_WARN_EMPTY_BODY = YES;
				CLANG_WARN_ENUM_CONVERSION = YES;
				CLANG_WARN_INFINITE_RECURSION = YES;
				CLANG_WARN_INT_CONVERSION = YES;
				CLANG_WARN_NON_LITERAL_NULL_CONVERSION = YES;
				CLANG_WARN_OBJC_IMPLICIT_RETAIN_SELF = YES;
				CLANG_WARN_OBJC_LITERAL_CONVERSION = YES;
				CLANG_WARN_OBJC_ROOT_CLASS = YES_ERROR;
				CLANG_WARN_QUOTED_INCLUDE_IN_FRAMEWORK_HEADER = YES;
				CLANG_WARN_RANGE_LOOP_ANALYSIS = YES;
				CLANG_WARN_STRICT_PROTOTYPES = YES;
				CLANG_WARN_SUSPICIOUS_MOVE = YES;
				CLANG_WARN_UNGUARDED_AVAILABILITY = YES_AGGRESSIVE;
				CLANG_WARN_UNREACHABLE_CODE = YES;
				CLANG_WARN__DUPLICATE_METHOD_MATCH = YES;
				COPY_PHASE_STRIP = NO;
				DEBUG_INFORMATION_FORMAT = "dwarf-with-dsym";
				ENABLE_NS_ASSERTIONS = NO;
				ENABLE_STRICT_OBJC_MSGSEND = YES;
				GCC_C_LANGUAGE_STANDARD = gnu11;
				GCC_NO_COMMON_BLOCKS = YES;
				GCC_WARN_64_TO_32_BIT_CONVERSION = YES;
				GCC_WARN_ABOUT_RETURN_TYPE = YES_ERROR;
				GCC_WARN_UNDECLARED_SELECTOR = YES;
				GCC_WARN_UNINITIALIZED_AUTOS = YES_AGGRESSIVE;
				GCC_WARN_UNUSED_FUNCTION = YES;
				GCC_WARN_UNUSED_VARIABLE = YES;
				IPHONEOS_DEPLOYMENT_TARGET = 13.0;
				MTL_ENABLE_DEBUG_INFO = NO;
				MTL_FAST_MATH = YES;
				SDKROOT = iphoneos;
				SWIFT_COMPILATION_MODE = wholemodule;
				SWIFT_OPTIMIZATION_LEVEL = "-O";
				VALIDATE_PRODUCT = YES;
			};
			name = Release;
		};
		7FB02BCD2AB351F000DA81B9 /* Debug */ = {
			isa = XCBuildConfiguration;
			baseConfigurationReference = 45F332EE20AE5A1D720CBA3C /* Pods-GerenciadorDependencias.debug.xcconfig */;
			buildSettings = {
				ASSETCATALOG_COMPILER_APPICON_NAME = AppIcon;
				ASSETCATALOG_COMPILER_GLOBAL_ACCENT_COLOR_NAME = AccentColor;
				CODE_SIGN_STYLE = Automatic;
				CURRENT_PROJECT_VERSION = 1;
				GENERATE_INFOPLIST_FILE = YES;
				INFOPLIST_FILE = GerenciadorDependencias/Info.plist;
				INFOPLIST_KEY_UIApplicationSupportsIndirectInputEvents = YES;
				INFOPLIST_KEY_UILaunchStoryboardName = LaunchScreen;
				INFOPLIST_KEY_UIMainStoryboardFile = Main;
				INFOPLIST_KEY_UISupportedInterfaceOrientations_iPad = "UIInterfaceOrientationPortrait UIInterfaceOrientationPortraitUpsideDown UIInterfaceOrientationLandscapeLeft UIInterfaceOrientationLandscapeRight";
				INFOPLIST_KEY_UISupportedInterfaceOrientations_iPhone = "UIInterfaceOrientationPortrait UIInterfaceOrientationLandscapeLeft UIInterfaceOrientationLandscapeRight";
				IPHONEOS_DEPLOYMENT_TARGET = 13.0;
				LD_RUNPATH_SEARCH_PATHS = (
					"$(inherited)",
					"@executable_path/Frameworks",
				);
				MARKETING_VERSION = 1.0;
				PRODUCT_BUNDLE_IDENTIFIER = "com.alessandrop76-gerenciador-dependencias.GerenciadorDependencias";
				PRODUCT_NAME = "$(TARGET_NAME)";
				SUPPORTED_PLATFORMS = "iphoneos iphonesimulator";
				SUPPORTS_MACCATALYST = NO;
				SUPPORTS_MAC_DESIGNED_FOR_IPHONE_IPAD = NO;
				SWIFT_EMIT_LOC_STRINGS = YES;
				SWIFT_VERSION = 5.0;
				TARGETED_DEVICE_FAMILY = 1;
			};
			name = Debug;
		};
		7FB02BCE2AB351F000DA81B9 /* Release */ = {
			isa = XCBuildConfiguration;
			baseConfigurationReference = 3098AEC4B8E4E0C32BE4E2A6 /* Pods-GerenciadorDependencias.release.xcconfig */;
			buildSettings = {
				ASSETCATALOG_COMPILER_APPICON_NAME = AppIcon;
				ASSETCATALOG_COMPILER_GLOBAL_ACCENT_COLOR_NAME = AccentColor;
				CODE_SIGN_STYLE = Automatic;
				CURRENT_PROJECT_VERSION = 1;
				GENERATE_INFOPLIST_FILE = YES;
				INFOPLIST_FILE = GerenciadorDependencias/Info.plist;
				INFOPLIST_KEY_UIApplicationSupportsIndirectInputEvents = YES;
				INFOPLIST_KEY_UILaunchStoryboardName = LaunchScreen;
				INFOPLIST_KEY_UIMainStoryboardFile = Main;
				INFOPLIST_KEY_UISupportedInterfaceOrientations_iPad = "UIInterfaceOrientationPortrait UIInterfaceOrientationPortraitUpsideDown UIInterfaceOrientationLandscapeLeft UIInterfaceOrientationLandscapeRight";
				INFOPLIST_KEY_UISupportedInterfaceOrientations_iPhone = "UIInterfaceOrientationPortrait UIInterfaceOrientationLandscapeLeft UIInterfaceOrientationLandscapeRight";
				IPHONEOS_DEPLOYMENT_TARGET = 13.0;
				LD_RUNPATH_SEARCH_PATHS = (
					"$(inherited)",
					"@executable_path/Frameworks",
				);
				MARKETING_VERSION = 1.0;
				PRODUCT_BUNDLE_IDENTIFIER = "com.alessandrop76-gerenciador-dependencias.GerenciadorDependencias";
				PRODUCT_NAME = "$(TARGET_NAME)";
				SUPPORTED_PLATFORMS = "iphoneos iphonesimulator";
				SUPPORTS_MACCATALYST = NO;
				SUPPORTS_MAC_DESIGNED_FOR_IPHONE_IPAD = NO;
				SWIFT_EMIT_LOC_STRINGS = YES;
				SWIFT_VERSION = 5.0;
				TARGETED_DEVICE_FAMILY = 1;
			};
			name = Release;
		};
/* End XCBuildConfiguration section */

/* Begin XCConfigurationList section */
		7FB02BB32AB351EF00DA81B9 /* Build configuration list for PBXProject "GerenciadorDependencias" */ = {
			isa = XCConfigurationList;
			buildConfigurations = (
				7FB02BCA2AB351F000DA81B9 /* Debug */,
				7FB02BCB2AB351F000DA81B9 /* Release */,
			);
			defaultConfigurationIsVisible = 0;
			defaultConfigurationName = Release;
		};
		7FB02BCC2AB351F000DA81B9 /* Build configuration list for PBXNativeTarget "GerenciadorDependencias" */ = {
			isa = XCConfigurationList;
			buildConfigurations = (
				7FB02BCD2AB351F000DA81B9 /* Debug */,
				7FB02BCE2AB351F000DA81B9 /* Release */,
			);
			defaultConfigurationIsVisible = 0;
			defaultConfigurationName = Release;
		};
/* End XCConfigurationList section */

/* Begin XCRemoteSwiftPackageReference section */
		7FAA69C92AB38BBC003ACB71 /* XCRemoteSwiftPackageReference "TinyConstraints" */ = {
			isa = XCRemoteSwiftPackageReference;
			repositoryURL = "https://github.com/roberthein/TinyConstraints.git";
			requirement = {
				kind = upToNextMajorVersion;
				minimumVersion = 4.0.0;
			};
		};
/* End XCRemoteSwiftPackageReference section */

/* Begin XCSwiftPackageProductDependency section */
		7FAA69CA2AB38BBC003ACB71 /* TinyConstraints */ = {
			isa = XCSwiftPackageProductDependency;
			package = 7FAA69C92AB38BBC003ACB71 /* XCRemoteSwiftPackageReference "TinyConstraints" */;
			productName = TinyConstraints;
		};
/* End XCSwiftPackageProductDependency section */
	};
	rootObject = 7FB02BB02AB351EF00DA81B9 /* Project object */;
}
